
Microsoft Visual Studio Solution File, Format Version 12.00
# Visual Studio Version 17
VisualStudioVersion = 17.7.34031.279
MinimumVisualStudioVersion = 10.0.40219.1
Project("{FAE04EC0-301F-11D3-BF4B-00C04F79EFBC}") = "Classes&Objectos", "Classes&Objectos\Classes&Objectos.csproj", "{BEDC033E-B98C-41EF-B010-6116B3DD65BA}"
EndProject
Global
	GlobalSection(SolutionConfigurationPlatforms) = preSolution
		Debug|Any CPU = Debug|Any CPU
		Release|Any CPU = Release|Any CPU
	EndGlobalSection
	GlobalSection(ProjectConfigurationPlatforms) = postSolution
		{BEDC033E-B98C-41EF-B010-6116B3DD65BA}.Debug|Any CPU.ActiveCfg = Debug|Any CPU
		{BEDC033E-B98C-41EF-B010-6116B3DD65BA}.Debug|Any CPU.Build.0 = Debug|Any CPU
		{BEDC033E-B98C-41EF-B010-6116B3DD65BA}.Release|Any CPU.ActiveCfg = Release|Any CPU
		{BEDC033E-B98C-41EF-B010-6116B3DD65BA}.Release|Any CPU.Build.0 = Release|Any CPU
	EndGlobalSection
	GlobalSection(SolutionProperties) = preSolution
		HideSolutionNode = FALSE
	EndGlobalSection
	GlobalSection(ExtensibilityGlobals) = postSolution
		SolutionGuid = {A53AC9A8-F379-4B75-A10B-FD726666EB76}
	EndGlobalSection
EndGlobal
