
Microsoft Visual Studio Solution File, Format Version 12.00
# Visual Studio Version 17
VisualStudioVersion = 17.7.34031.279
MinimumVisualStudioVersion = 10.0.40219.1
Project("{FAE04EC0-301F-11D3-BF4B-00C04F79EFBC}") = "WindowsFormsApp1", "WindowsFormsApp1.csproj", "{C6626ED1-FB9E-4DFB-BEE3-E132B34EE164}"
EndProject
Global
	GlobalSection(SolutionConfigurationPlatforms) = preSolution
		Debug|Any CPU = Debug|Any CPU
		Release|Any CPU = Release|Any CPU
	EndGlobalSection
	GlobalSection(ProjectConfigurationPlatforms) = postSolution
		{C6626ED1-FB9E-4DFB-BEE3-E132B34EE164}.Debug|Any CPU.ActiveCfg = Debug|Any CPU
		{C6626ED1-FB9E-4DFB-BEE3-E132B34EE164}.Debug|Any CPU.Build.0 = Debug|Any CPU
		{C6626ED1-FB9E-4DFB-BEE3-E132B34EE164}.Release|Any CPU.ActiveCfg = Release|Any CPU
		{C6626ED1-FB9E-4DFB-BEE3-E132B34EE164}.Release|Any CPU.Build.0 = Release|Any CPU
	EndGlobalSection
	GlobalSection(SolutionProperties) = preSolution
		HideSolutionNode = FALSE
	EndGlobalSection
	GlobalSection(ExtensibilityGlobals) = postSolution
		SolutionGuid = {23B68127-ADC5-43ED-B6F7-248E206F760A}
	EndGlobalSection
EndGlobal
