
Microsoft Visual Studio Solution File, Format Version 12.00
# Visual Studio Version 17
VisualStudioVersion = 17.5.33530.505
MinimumVisualStudioVersion = 10.0.40219.1
Project("{FAE04EC0-301F-11D3-BF4B-00C04F79EFBC}") = "Controlando", "Controlando.csproj", "{83E270AB-D89D-48EF-926E-BB0CF17F235E}"
EndProject
Global
	GlobalSection(SolutionConfigurationPlatforms) = preSolution
		Debug|Any CPU = Debug|Any CPU
		Release|Any CPU = Release|Any CPU
	EndGlobalSection
	GlobalSection(ProjectConfigurationPlatforms) = postSolution
		{83E270AB-D89D-48EF-926E-BB0CF17F235E}.Debug|Any CPU.ActiveCfg = Debug|Any CPU
		{83E270AB-D89D-48EF-926E-BB0CF17F235E}.Debug|Any CPU.Build.0 = Debug|Any CPU
		{83E270AB-D89D-48EF-926E-BB0CF17F235E}.Release|Any CPU.ActiveCfg = Release|Any CPU
		{83E270AB-D89D-48EF-926E-BB0CF17F235E}.Release|Any CPU.Build.0 = Release|Any CPU
	EndGlobalSection
	GlobalSection(SolutionProperties) = preSolution
		HideSolutionNode = FALSE
	EndGlobalSection
	GlobalSection(ExtensibilityGlobals) = postSolution
		SolutionGuid = {5EB8028F-7128-4677-AE3B-C10348E7D88A}
	EndGlobalSection
EndGlobal
