
Microsoft Visual Studio Solution File, Format Version 12.00
# Visual Studio Version 17
VisualStudioVersion = 17.7.34031.279
MinimumVisualStudioVersion = 10.0.40219.1
Project("{FAE04EC0-301F-11D3-BF4B-00C04F79EFBC}") = "SwitchCase", "SwitchCase.csproj", "{E1F167A2-A8DA-4243-B449-6CBE5A672767}"
EndProject
Global
	GlobalSection(SolutionConfigurationPlatforms) = preSolution
		Debug|Any CPU = Debug|Any CPU
		Release|Any CPU = Release|Any CPU
	EndGlobalSection
	GlobalSection(ProjectConfigurationPlatforms) = postSolution
		{E1F167A2-A8DA-4243-B449-6CBE5A672767}.Debug|Any CPU.ActiveCfg = Debug|Any CPU
		{E1F167A2-A8DA-4243-B449-6CBE5A672767}.Debug|Any CPU.Build.0 = Debug|Any CPU
		{E1F167A2-A8DA-4243-B449-6CBE5A672767}.Release|Any CPU.ActiveCfg = Release|Any CPU
		{E1F167A2-A8DA-4243-B449-6CBE5A672767}.Release|Any CPU.Build.0 = Release|Any CPU
	EndGlobalSection
	GlobalSection(SolutionProperties) = preSolution
		HideSolutionNode = FALSE
	EndGlobalSection
	GlobalSection(ExtensibilityGlobals) = postSolution
		SolutionGuid = {7CAD8F73-B80E-496B-8B37-43826881D9E1}
	EndGlobalSection
EndGlobal
