
Microsoft Visual Studio Solution File, Format Version 12.00
# Visual Studio Version 17
VisualStudioVersion = 17.7.34031.279
MinimumVisualStudioVersion = 10.0.40219.1
Project("{FAE04EC0-301F-11D3-BF4B-00C04F79EFBC}") = "testeDoThread", "testeDoThread.csproj", "{19DC8640-403A-4C1B-BD16-8DCDBA07BB44}"
EndProject
Global
	GlobalSection(SolutionConfigurationPlatforms) = preSolution
		Debug|Any CPU = Debug|Any CPU
		Release|Any CPU = Release|Any CPU
	EndGlobalSection
	GlobalSection(ProjectConfigurationPlatforms) = postSolution
		{19DC8640-403A-4C1B-BD16-8DCDBA07BB44}.Debug|Any CPU.ActiveCfg = Debug|Any CPU
		{19DC8640-403A-4C1B-BD16-8DCDBA07BB44}.Debug|Any CPU.Build.0 = Debug|Any CPU
		{19DC8640-403A-4C1B-BD16-8DCDBA07BB44}.Release|Any CPU.ActiveCfg = Release|Any CPU
		{19DC8640-403A-4C1B-BD16-8DCDBA07BB44}.Release|Any CPU.Build.0 = Release|Any CPU
	EndGlobalSection
	GlobalSection(SolutionProperties) = preSolution
		HideSolutionNode = FALSE
	EndGlobalSection
	GlobalSection(ExtensibilityGlobals) = postSolution
		SolutionGuid = {57623B4D-37D5-49E2-8136-78FCE09CA383}
	EndGlobalSection
EndGlobal
